
Microsoft Visual Studio Solution File, Format Version 12.00
# Visual Studio Version 16
VisualStudioVersion = 16.0.29503.13
MinimumVisualStudioVersion = 10.0.40219.1
Project("{FAE04EC0-301F-11D3-BF4B-00C04F79EFBC}") = "BlockDX.Api", "BlockDX.Api/BlockDX.Api.csproj", "{3CC3AF16-FF70-4EFA-B3EA-D7E6006E3E5B}"
EndProject
Global
	GlobalSection(SolutionConfigurationPlatforms) = preSolution
		Debug|Any CPU = Debug|Any CPU
		Release|Any CPU = Release|Any CPU
	EndGlobalSection
	GlobalSection(ProjectConfigurationPlatforms) = postSolution
		{3CC3AF16-FF70-4EFA-B3EA-D7E6006E3E5B}.Debug|Any CPU.ActiveCfg = Debug|Any CPU
		{3CC3AF16-FF70-4EFA-B3EA-D7E6006E3E5B}.Debug|Any CPU.Build.0 = Debug|Any CPU
		{3CC3AF16-FF70-4EFA-B3EA-D7E6006E3E5B}.Release|Any CPU.ActiveCfg = Release|Any CPU
		{3CC3AF16-FF70-4EFA-B3EA-D7E6006E3E5B}.Release|Any CPU.Build.0 = Release|Any CPU
	EndGlobalSection
	GlobalSection(SolutionProperties) = preSolution
		HideSolutionNode = FALSE
	EndGlobalSection
	GlobalSection(ExtensibilityGlobals) = postSolution
		SolutionGuid = {15260D5A-F749-4D9E-8E5D-A08C2FFE99E6}
	EndGlobalSection
EndGlobal
